// !$*UTF8*$!
{
	archiveVersion = 1;
	classes = {
	};
	objectVersion = 56;
	objects = {

/* Begin PBXBuildFile section */
		9D24089D2A1E628700181915 /* DocumentsFileManager.swift in Sources */ = {isa = PBXBuildFile; fileRef = 9D24089C2A1E628700181915 /* DocumentsFileManager.swift */; };
		9D2EB2D32A260971000EEE51 /* DocumentsModel.swift in Sources */ = {isa = PBXBuildFile; fileRef = 9D2EB2D22A260971000EEE51 /* DocumentsModel.swift */; };
		9D2EB2E42A27D241000EEE51 /* LoginViewController.swift in Sources */ = {isa = PBXBuildFile; fileRef = 9D2EB2E32A27D241000EEE51 /* LoginViewController.swift */; };
		9D2EB2E62A27D25B000EEE51 /* LoginView.swift in Sources */ = {isa = PBXBuildFile; fileRef = 9D2EB2E52A27D25B000EEE51 /* LoginView.swift */; };
		9D2EB2EE2A27E1AD000EEE51 /* SnapKit in Frameworks */ = {isa = PBXBuildFile; productRef = 9D2EB2ED2A27E1AD000EEE51 /* SnapKit */; };
		9D2EB2F12A27E207000EEE51 /* KeychainAccess in Frameworks */ = {isa = PBXBuildFile; productRef = 9D2EB2F02A27E207000EEE51 /* KeychainAccess */; };
		9D2EB2F32A28A4A8000EEE51 /* Keychain.swift in Sources */ = {isa = PBXBuildFile; fileRef = 9D2EB2F22A28A4A8000EEE51 /* Keychain.swift */; };
		9D4FB8E52A1D4F2F0002920B /* AppDelegate.swift in Sources */ = {isa = PBXBuildFile; fileRef = 9D4FB8E42A1D4F2F0002920B /* AppDelegate.swift */; };
		9D4FB8E72A1D4F2F0002920B /* SceneDelegate.swift in Sources */ = {isa = PBXBuildFile; fileRef = 9D4FB8E62A1D4F2F0002920B /* SceneDelegate.swift */; };
		9D4FB8EE2A1D4F300002920B /* Assets.xcassets in Resources */ = {isa = PBXBuildFile; fileRef = 9D4FB8ED2A1D4F300002920B /* Assets.xcassets */; };
		9D4FB8F12A1D4F300002920B /* LaunchScreen.storyboard in Resources */ = {isa = PBXBuildFile; fileRef = 9D4FB8EF2A1D4F300002920B /* LaunchScreen.storyboard */; };
		9D4FB8FE2A1E5E280002920B /* DocumentsView.swift in Sources */ = {isa = PBXBuildFile; fileRef = 9D4FB8FD2A1E5E280002920B /* DocumentsView.swift */; };
		9D4FB9002A1E5E3E0002920B /* DocumentsViewController.swift in Sources */ = {isa = PBXBuildFile; fileRef = 9D4FB8FF2A1E5E3E0002920B /* DocumentsViewController.swift */; };
		9D6706322A28F70100438374 /* StatusLogin.swift in Sources */ = {isa = PBXBuildFile; fileRef = 9D6706312A28F70100438374 /* StatusLogin.swift */; };
/* End PBXBuildFile section */

/* Begin PBXFileReference section */
		9D24089C2A1E628700181915 /* DocumentsFileManager.swift */ = {isa = PBXFileReference; lastKnownFileType = sourcecode.swift; path = DocumentsFileManager.swift; sourceTree = "<group>"; };
		9D2EB2D22A260971000EEE51 /* DocumentsModel.swift */ = {isa = PBXFileReference; lastKnownFileType = sourcecode.swift; path = DocumentsModel.swift; sourceTree = "<group>"; };
		9D2EB2E32A27D241000EEE51 /* LoginViewController.swift */ = {isa = PBXFileReference; lastKnownFileType = sourcecode.swift; path = LoginViewController.swift; sourceTree = "<group>"; };
		9D2EB2E52A27D25B000EEE51 /* LoginView.swift */ = {isa = PBXFileReference; lastKnownFileType = sourcecode.swift; path = LoginView.swift; sourceTree = "<group>"; };
		9D2EB2F22A28A4A8000EEE51 /* Keychain.swift */ = {isa = PBXFileReference; lastKnownFileType = sourcecode.swift; path = Keychain.swift; sourceTree = "<group>"; };
		9D4FB8E12A1D4F2F0002920B /* Documents.app */ = {isa = PBXFileReference; explicitFileType = wrapper.application; includeInIndex = 0; path = Documents.app; sourceTree = BUILT_PRODUCTS_DIR; };
		9D4FB8E42A1D4F2F0002920B /* AppDelegate.swift */ = {isa = PBXFileReference; lastKnownFileType = sourcecode.swift; path = AppDelegate.swift; sourceTree = "<group>"; };
		9D4FB8E62A1D4F2F0002920B /* SceneDelegate.swift */ = {isa = PBXFileReference; lastKnownFileType = sourcecode.swift; path = SceneDelegate.swift; sourceTree = "<group>"; };
		9D4FB8ED2A1D4F300002920B /* Assets.xcassets */ = {isa = PBXFileReference; lastKnownFileType = folder.assetcatalog; path = Assets.xcassets; sourceTree = "<group>"; };
		9D4FB8F02A1D4F300002920B /* Base */ = {isa = PBXFileReference; lastKnownFileType = file.storyboard; name = Base; path = Base.lproj/LaunchScreen.storyboard; sourceTree = "<group>"; };
		9D4FB8F22A1D4F300002920B /* Info.plist */ = {isa = PBXFileReference; lastKnownFileType = text.plist.xml; path = Info.plist; sourceTree = "<group>"; };
		9D4FB8FD2A1E5E280002920B /* DocumentsView.swift */ = {isa = PBXFileReference; lastKnownFileType = sourcecode.swift; path = DocumentsView.swift; sourceTree = "<group>"; };
		9D4FB8FF2A1E5E3E0002920B /* DocumentsViewController.swift */ = {isa = PBXFileReference; lastKnownFileType = sourcecode.swift; path = DocumentsViewController.swift; sourceTree = "<group>"; };
		9D6706312A28F70100438374 /* StatusLogin.swift */ = {isa = PBXFileReference; lastKnownFileType = sourcecode.swift; path = StatusLogin.swift; sourceTree = "<group>"; };
/* End PBXFileReference section */

/* Begin PBXFrameworksBuildPhase section */
		9D4FB8DE2A1D4F2F0002920B /* Frameworks */ = {
			isa = PBXFrameworksBuildPhase;
			buildActionMask = 2147483647;
			files = (
				9D2EB2F12A27E207000EEE51 /* KeychainAccess in Frameworks */,
				9D2EB2EE2A27E1AD000EEE51 /* SnapKit in Frameworks */,
			);
			runOnlyForDeploymentPostprocessing = 0;
		};
/* End PBXFrameworksBuildPhase section */

/* Begin PBXGroup section */
		9D24089B2A1E61DE00181915 /* DocumentsFileManager */ = {
			isa = PBXGroup;
			children = (
				9D24089C2A1E628700181915 /* DocumentsFileManager.swift */,
			);
			path = DocumentsFileManager;
			sourceTree = "<group>";
		};
		9D2EB2DE2A27CA26000EEE51 /* Documents */ = {
			isa = PBXGroup;
			children = (
				9D4FB8FA2A1E5D2E0002920B /* Models */,
				9D4FB8FC2A1E5D400002920B /* View */,
				9D4FB8FB2A1E5D360002920B /* Controller */,
				9D24089B2A1E61DE00181915 /* DocumentsFileManager */,
			);
			path = Documents;
			sourceTree = "<group>";
		};
		9D2EB2DF2A27CA61000EEE51 /* Login */ = {
			isa = PBXGroup;
			children = (
				9D2EB2F42A28A4AE000EEE51 /* Keychain */,
				9D2EB2E22A27D018000EEE51 /* Controller */,
				9D2EB2E12A27D008000EEE51 /* View */,
				9D2EB2E02A27CFF3000EEE51 /* Model */,
			);
			path = Login;
			sourceTree = "<group>";
		};
		9D2EB2E02A27CFF3000EEE51 /* Model */ = {
			isa = PBXGroup;
			children = (
				9D6706312A28F70100438374 /* StatusLogin.swift */,
			);
			path = Model;
			sourceTree = "<group>";
		};
		9D2EB2E12A27D008000EEE51 /* View */ = {
			isa = PBXGroup;
			children = (
				9D2EB2E52A27D25B000EEE51 /* LoginView.swift */,
			);
			path = View;
			sourceTree = "<group>";
		};
		9D2EB2E22A27D018000EEE51 /* Controller */ = {
			isa = PBXGroup;
			children = (
				9D2EB2E32A27D241000EEE51 /* LoginViewController.swift */,
			);
			path = Controller;
			sourceTree = "<group>";
		};
		9D2EB2F42A28A4AE000EEE51 /* Keychain */ = {
			isa = PBXGroup;
			children = (
				9D2EB2F22A28A4A8000EEE51 /* Keychain.swift */,
			);
			path = Keychain;
			sourceTree = "<group>";
		};
		9D4FB8D82A1D4F2F0002920B = {
			isa = PBXGroup;
			children = (
				9D4FB8E32A1D4F2F0002920B /* Documents */,
				9D4FB8E22A1D4F2F0002920B /* Products */,
			);
			sourceTree = "<group>";
		};
		9D4FB8E22A1D4F2F0002920B /* Products */ = {
			isa = PBXGroup;
			children = (
				9D4FB8E12A1D4F2F0002920B /* Documents.app */,
			);
			name = Products;
			sourceTree = "<group>";
		};
		9D4FB8E32A1D4F2F0002920B /* Documents */ = {
			isa = PBXGroup;
			children = (
				9D4FB8F82A1E5D050002920B /* Application layer */,
				9D2EB2DE2A27CA26000EEE51 /* Documents */,
				9D2EB2DF2A27CA61000EEE51 /* Login */,
				9D4FB8ED2A1D4F300002920B /* Assets.xcassets */,
				9D4FB8EF2A1D4F300002920B /* LaunchScreen.storyboard */,
				9D4FB8F22A1D4F300002920B /* Info.plist */,
			);
			path = Documents;
			sourceTree = "<group>";
		};
		9D4FB8F82A1E5D050002920B /* Application layer */ = {
			isa = PBXGroup;
			children = (
				9D4FB8E42A1D4F2F0002920B /* AppDelegate.swift */,
				9D4FB8E62A1D4F2F0002920B /* SceneDelegate.swift */,
			);
			path = "Application layer";
			sourceTree = "<group>";
		};
		9D4FB8FA2A1E5D2E0002920B /* Models */ = {
			isa = PBXGroup;
			children = (
				9D2EB2D22A260971000EEE51 /* DocumentsModel.swift */,
			);
			path = Models;
			sourceTree = "<group>";
		};
		9D4FB8FB2A1E5D360002920B /* Controller */ = {
			isa = PBXGroup;
			children = (
				9D4FB8FF2A1E5E3E0002920B /* DocumentsViewController.swift */,
			);
			path = Controller;
			sourceTree = "<group>";
		};
		9D4FB8FC2A1E5D400002920B /* View */ = {
			isa = PBXGroup;
			children = (
				9D4FB8FD2A1E5E280002920B /* DocumentsView.swift */,
			);
			path = View;
			sourceTree = "<group>";
		};
/* End PBXGroup section */

/* Begin PBXNativeTarget section */
		9D4FB8E02A1D4F2F0002920B /* Documents */ = {
			isa = PBXNativeTarget;
			buildConfigurationList = 9D4FB8F52A1D4F300002920B /* Build configuration list for PBXNativeTarget "Documents" */;
			buildPhases = (
				9D4FB8DD2A1D4F2F0002920B /* Sources */,
				9D4FB8DE2A1D4F2F0002920B /* Frameworks */,
				9D4FB8DF2A1D4F2F0002920B /* Resources */,
			);
			buildRules = (
			);
			dependencies = (
			);
			name = Documents;
			packageProductDependencies = (
				9D2EB2ED2A27E1AD000EEE51 /* SnapKit */,
				9D2EB2F02A27E207000EEE51 /* KeychainAccess */,
			);
			productName = Documents;
			productReference = 9D4FB8E12A1D4F2F0002920B /* Documents.app */;
			productType = "com.apple.product-type.application";
		};
/* End PBXNativeTarget section */

/* Begin PBXProject section */
		9D4FB8D92A1D4F2F0002920B /* Project object */ = {
			isa = PBXProject;
			attributes = {
				BuildIndependentTargetsInParallel = 1;
				LastSwiftUpdateCheck = 1430;
				LastUpgradeCheck = 1430;
				TargetAttributes = {
					9D4FB8E02A1D4F2F0002920B = {
						CreatedOnToolsVersion = 14.3;
					};
				};
			};
			buildConfigurationList = 9D4FB8DC2A1D4F2F0002920B /* Build configuration list for PBXProject "Documents" */;
			compatibilityVersion = "Xcode 14.0";
			developmentRegion = en;
			hasScannedForEncodings = 0;
			knownRegions = (
				en,
				Base,
			);
			mainGroup = 9D4FB8D82A1D4F2F0002920B;
			packageReferences = (
				9D2EB2EC2A27E1AD000EEE51 /* XCRemoteSwiftPackageReference "SnapKit" */,
				9D2EB2EF2A27E207000EEE51 /* XCRemoteSwiftPackageReference "KeychainAccess" */,
			);
			productRefGroup = 9D4FB8E22A1D4F2F0002920B /* Products */;
			projectDirPath = "";
			projectRoot = "";
			targets = (
				9D4FB8E02A1D4F2F0002920B /* Documents */,
			);
		};
/* End PBXProject section */

/* Begin PBXResourcesBuildPhase section */
		9D4FB8DF2A1D4F2F0002920B /* Resources */ = {
			isa = PBXResourcesBuildPhase;
			buildActionMask = 2147483647;
			files = (
				9D4FB8F12A1D4F300002920B /* LaunchScreen.storyboard in Resources */,
				9D4FB8EE2A1D4F300002920B /* Assets.xcassets in Resources */,
			);
			runOnlyForDeploymentPostprocessing = 0;
		};
/* End PBXResourcesBuildPhase section */

/* Begin PBXSourcesBuildPhase section */
		9D4FB8DD2A1D4F2F0002920B /* Sources */ = {
			isa = PBXSourcesBuildPhase;
			buildActionMask = 2147483647;
			files = (
				9D2EB2E42A27D241000EEE51 /* LoginViewController.swift in Sources */,
				9D6706322A28F70100438374 /* StatusLogin.swift in Sources */,
				9D24089D2A1E628700181915 /* DocumentsFileManager.swift in Sources */,
				9D4FB9002A1E5E3E0002920B /* DocumentsViewController.swift in Sources */,
				9D2EB2D32A260971000EEE51 /* DocumentsModel.swift in Sources */,
				9D4FB8E52A1D4F2F0002920B /* AppDelegate.swift in Sources */,
				9D2EB2F32A28A4A8000EEE51 /* Keychain.swift in Sources */,
				9D4FB8E72A1D4F2F0002920B /* SceneDelegate.swift in Sources */,
				9D2EB2E62A27D25B000EEE51 /* LoginView.swift in Sources */,
				9D4FB8FE2A1E5E280002920B /* DocumentsView.swift in Sources */,
			);
			runOnlyForDeploymentPostprocessing = 0;
		};
/* End PBXSourcesBuildPhase section */

/* Begin PBXVariantGroup section */
		9D4FB8EF2A1D4F300002920B /* LaunchScreen.storyboard */ = {
			isa = PBXVariantGroup;
			children = (
				9D4FB8F02A1D4F300002920B /* Base */,
			);
			name = LaunchScreen.storyboard;
			sourceTree = "<group>";
		};
/* End PBXVariantGroup section */

/* Begin XCBuildConfiguration section */
		9D4FB8F32A1D4F300002920B /* Debug */ = {
			isa = XCBuildConfiguration;
			buildSettings = {
				ALWAYS_SEARCH_USER_PATHS = NO;
				CLANG_ANALYZER_NONNULL = YES;
				CLANG_ANALYZER_NUMBER_OBJECT_CONVERSION = YES_AGGRESSIVE;
				CLANG_CXX_LANGUAGE_STANDARD = "gnu++20";
				CLANG_ENABLE_MODULES = YES;
				CLANG_ENABLE_OBJC_ARC = YES;
				CLANG_ENABLE_OBJC_WEAK = YES;
				CLANG_WARN_BLOCK_CAPTURE_AUTORELEASING = YES;
				CLANG_WARN_BOOL_CONVERSION = YES;
				CLANG_WARN_COMMA = YES;
				CLANG_WARN_CONSTANT_CONVERSION = YES;
				CLANG_WARN_DEPRECATED_OBJC_IMPLEMENTATIONS = YES;
				CLANG_WARN_DIRECT_OBJC_ISA_USAGE = YES_ERROR;
				CLANG_WARN_DOCUMENTATION_COMMENTS = YES;
				CLANG_WARN_EMPTY_BODY = YES;
				CLANG_WARN_ENUM_CONVERSION = YES;
				CLANG_WARN_INFINITE_RECURSION = YES;
				CLANG_WARN_INT_CONVERSION = YES;
				CLANG_WARN_NON_LITERAL_NULL_CONVERSION = YES;
				CLANG_WARN_OBJC_IMPLICIT_RETAIN_SELF = YES;
				CLANG_WARN_OBJC_LITERAL_CONVERSION = YES;
				CLANG_WARN_OBJC_ROOT_CLASS = YES_ERROR;
				CLANG_WARN_QUOTED_INCLUDE_IN_FRAMEWORK_HEADER = YES;
				CLANG_WARN_RANGE_LOOP_ANALYSIS = YES;
				CLANG_WARN_STRICT_PROTOTYPES = YES;
				CLANG_WARN_SUSPICIOUS_MOVE = YES;
				CLANG_WARN_UNGUARDED_AVAILABILITY = YES_AGGRESSIVE;
				CLANG_WARN_UNREACHABLE_CODE = YES;
				CLANG_WARN__DUPLICATE_METHOD_MATCH = YES;
				COPY_PHASE_STRIP = NO;
				DEBUG_INFORMATION_FORMAT = dwarf;
				ENABLE_STRICT_OBJC_MSGSEND = YES;
				ENABLE_TESTABILITY = YES;
				GCC_C_LANGUAGE_STANDARD = gnu11;
				GCC_DYNAMIC_NO_PIC = NO;
				GCC_NO_COMMON_BLOCKS = YES;
				GCC_OPTIMIZATION_LEVEL = 0;
				GCC_PREPROCESSOR_DEFINITIONS = (
					"DEBUG=1",
					"$(inherited)",
				);
				GCC_WARN_64_TO_32_BIT_CONVERSION = YES;
				GCC_WARN_ABOUT_RETURN_TYPE = YES_ERROR;
				GCC_WARN_UNDECLARED_SELECTOR = YES;
				GCC_WARN_UNINITIALIZED_AUTOS = YES_AGGRESSIVE;
				GCC_WARN_UNUSED_FUNCTION = YES;
				GCC_WARN_UNUSED_VARIABLE = YES;
				IPHONEOS_DEPLOYMENT_TARGET = 16.0;
				MTL_ENABLE_DEBUG_INFO = INCLUDE_SOURCE;
				MTL_FAST_MATH = YES;
				ONLY_ACTIVE_ARCH = YES;
				SDKROOT = iphoneos;
				SWIFT_ACTIVE_COMPILATION_CONDITIONS = DEBUG;
				SWIFT_OPTIMIZATION_LEVEL = "-Onone";
			};
			name = Debug;
		};
		9D4FB8F42A1D4F300002920B /* Release */ = {
			isa = XCBuildConfiguration;
			buildSettings = {
				ALWAYS_SEARCH_USER_PATHS = NO;
				CLANG_ANALYZER_NONNULL = YES;
				CLANG_ANALYZER_NUMBER_OBJECT_CONVERSION = YES_AGGRESSIVE;
				CLANG_CXX_LANGUAGE_STANDARD = "gnu++20";
				CLANG_ENABLE_MODULES = YES;
				CLANG_ENABLE_OBJC_ARC = YES;
				CLANG_ENABLE_OBJC_WEAK = YES;
				CLANG_WARN_BLOCK_CAPTURE_AUTORELEASING = YES;
				CLANG_WARN_BOOL_CONVERSION = YES;
				CLANG_WARN_COMMA = YES;
				CLANG_WARN_CONSTANT_CONVERSION = YES;
				CLANG_WARN_DEPRECATED_OBJC_IMPLEMENTATIONS = YES;
				CLANG_WARN_DIRECT_OBJC_ISA_USAGE = YES_ERROR;
				CLANG_WARN_DOCUMENTATION_COMMENTS = YES;
				CLANG_WARN_EMPTY_BODY = YES;
				CLANG_WARN_ENUM_CONVERSION = YES;
				CLANG_WARN_INFINITE_RECURSION = YES;
				CLANG_WARN_INT_CONVERSION = YES;
				CLANG_WARN_NON_LITERAL_NULL_CONVERSION = YES;
				CLANG_WARN_OBJC_IMPLICIT_RETAIN_SELF = YES;
				CLANG_WARN_OBJC_LITERAL_CONVERSION = YES;
				CLANG_WARN_OBJC_ROOT_CLASS = YES_ERROR;
				CLANG_WARN_QUOTED_INCLUDE_IN_FRAMEWORK_HEADER = YES;
				CLANG_WARN_RANGE_LOOP_ANALYSIS = YES;
				CLANG_WARN_STRICT_PROTOTYPES = YES;
				CLANG_WARN_SUSPICIOUS_MOVE = YES;
				CLANG_WARN_UNGUARDED_AVAILABILITY = YES_AGGRESSIVE;
				CLANG_WARN_UNREACHABLE_CODE = YES;
				CLANG_WARN__DUPLICATE_METHOD_MATCH = YES;
				COPY_PHASE_STRIP = NO;
				DEBUG_INFORMATION_FORMAT = "dwarf-with-dsym";
				ENABLE_NS_ASSERTIONS = NO;
				ENABLE_STRICT_OBJC_MSGSEND = YES;
				GCC_C_LANGUAGE_STANDARD = gnu11;
				GCC_NO_COMMON_BLOCKS = YES;
				GCC_WARN_64_TO_32_BIT_CONVERSION = YES;
				GCC_WARN_ABOUT_RETURN_TYPE = YES_ERROR;
				GCC_WARN_UNDECLARED_SELECTOR = YES;
				GCC_WARN_UNINITIALIZED_AUTOS = YES_AGGRESSIVE;
				GCC_WARN_UNUSED_FUNCTION = YES;
				GCC_WARN_UNUSED_VARIABLE = YES;
				IPHONEOS_DEPLOYMENT_TARGET = 16.0;
				MTL_ENABLE_DEBUG_INFO = NO;
				MTL_FAST_MATH = YES;
				SDKROOT = iphoneos;
				SWIFT_COMPILATION_MODE = wholemodule;
				SWIFT_OPTIMIZATION_LEVEL = "-O";
				VALIDATE_PRODUCT = YES;
			};
			name = Release;
		};
		9D4FB8F62A1D4F300002920B /* Debug */ = {
			isa = XCBuildConfiguration;
			buildSettings = {
				ASSETCATALOG_COMPILER_APPICON_NAME = AppIcon;
				ASSETCATALOG_COMPILER_GLOBAL_ACCENT_COLOR_NAME = AccentColor;
				CODE_SIGN_STYLE = Automatic;
				CURRENT_PROJECT_VERSION = 1;
				GENERATE_INFOPLIST_FILE = YES;
				INFOPLIST_FILE = Documents/Info.plist;
				INFOPLIST_KEY_UIApplicationSupportsIndirectInputEvents = YES;
				INFOPLIST_KEY_UILaunchStoryboardName = LaunchScreen;
				INFOPLIST_KEY_UIMainStoryboardFile = "";
				INFOPLIST_KEY_UISupportedInterfaceOrientations = "UIInterfaceOrientationLandscapeLeft UIInterfaceOrientationLandscapeRight UIInterfaceOrientationPortrait";
				INFOPLIST_KEY_UISupportedInterfaceOrientations_iPad = "UIInterfaceOrientationLandscapeLeft UIInterfaceOrientationLandscapeRight UIInterfaceOrientationPortrait UIInterfaceOrientationPortraitUpsideDown";
				IPHONEOS_DEPLOYMENT_TARGET = 16.0;
				LD_RUNPATH_SEARCH_PATHS = (
					"$(inherited)",
					"@executable_path/Frameworks",
				);
				MARKETING_VERSION = 1.0;
				PRODUCT_BUNDLE_IDENTIFIER = "Banin-Andrey.Documents";
				PRODUCT_NAME = "$(TARGET_NAME)";
				SUPPORTED_PLATFORMS = "iphoneos iphonesimulator";
				SUPPORTS_MACCATALYST = NO;
				SUPPORTS_MAC_DESIGNED_FOR_IPHONE_IPAD = YES;
				SWIFT_EMIT_LOC_STRINGS = YES;
				SWIFT_VERSION = 5.0;
				TARGETED_DEVICE_FAMILY = 1;
			};
			name = Debug;
		};
		9D4FB8F72A1D4F300002920B /* Release */ = {
			isa = XCBuildConfiguration;
			buildSettings = {
				ASSETCATALOG_COMPILER_APPICON_NAME = AppIcon;
				ASSETCATALOG_COMPILER_GLOBAL_ACCENT_COLOR_NAME = AccentColor;
				CODE_SIGN_STYLE = Automatic;
				CURRENT_PROJECT_VERSION = 1;
				GENERATE_INFOPLIST_FILE = YES;
				INFOPLIST_FILE = Documents/Info.plist;
				INFOPLIST_KEY_UIApplicationSupportsIndirectInputEvents = YES;
				INFOPLIST_KEY_UILaunchStoryboardName = LaunchScreen;
				INFOPLIST_KEY_UIMainStoryboardFile = "";
				INFOPLIST_KEY_UISupportedInterfaceOrientations = "UIInterfaceOrientationLandscapeLeft UIInterfaceOrientationLandscapeRight UIInterfaceOrientationPortrait";
				INFOPLIST_KEY_UISupportedInterfaceOrientations_iPad = "UIInterfaceOrientationLandscapeLeft UIInterfaceOrientationLandscapeRight UIInterfaceOrientationPortrait UIInterfaceOrientationPortraitUpsideDown";
				IPHONEOS_DEPLOYMENT_TARGET = 16.0;
				LD_RUNPATH_SEARCH_PATHS = (
					"$(inherited)",
					"@executable_path/Frameworks",
				);
				MARKETING_VERSION = 1.0;
				PRODUCT_BUNDLE_IDENTIFIER = "Banin-Andrey.Documents";
				PRODUCT_NAME = "$(TARGET_NAME)";
				SUPPORTED_PLATFORMS = "iphoneos iphonesimulator";
				SUPPORTS_MACCATALYST = NO;
				SUPPORTS_MAC_DESIGNED_FOR_IPHONE_IPAD = YES;
				SWIFT_EMIT_LOC_STRINGS = YES;
				SWIFT_VERSION = 5.0;
				TARGETED_DEVICE_FAMILY = 1;
			};
			name = Release;
		};
/* End XCBuildConfiguration section */

/* Begin XCConfigurationList section */
		9D4FB8DC2A1D4F2F0002920B /* Build configuration list for PBXProject "Documents" */ = {
			isa = XCConfigurationList;
			buildConfigurations = (
				9D4FB8F32A1D4F300002920B /* Debug */,
				9D4FB8F42A1D4F300002920B /* Release */,
			);
			defaultConfigurationIsVisible = 0;
			defaultConfigurationName = Release;
		};
		9D4FB8F52A1D4F300002920B /* Build configuration list for PBXNativeTarget "Documents" */ = {
			isa = XCConfigurationList;
			buildConfigurations = (
				9D4FB8F62A1D4F300002920B /* Debug */,
				9D4FB8F72A1D4F300002920B /* Release */,
			);
			defaultConfigurationIsVisible = 0;
			defaultConfigurationName = Release;
		};
/* End XCConfigurationList section */

/* Begin XCRemoteSwiftPackageReference section */
		9D2EB2EC2A27E1AD000EEE51 /* XCRemoteSwiftPackageReference "SnapKit" */ = {
			isa = XCRemoteSwiftPackageReference;
			repositoryURL = "https://github.com/SnapKit/SnapKit";
			requirement = {
				kind = upToNextMinorVersion;
				minimumVersion = 5.6.0;
			};
		};
		9D2EB2EF2A27E207000EEE51 /* XCRemoteSwiftPackageReference "KeychainAccess" */ = {
			isa = XCRemoteSwiftPackageReference;
			repositoryURL = "https://github.com/kishikawakatsumi/KeychainAccess";
			requirement = {
				branch = master;
				kind = branch;
			};
		};
/* End XCRemoteSwiftPackageReference section */

/* Begin XCSwiftPackageProductDependency section */
		9D2EB2ED2A27E1AD000EEE51 /* SnapKit */ = {
			isa = XCSwiftPackageProductDependency;
			package = 9D2EB2EC2A27E1AD000EEE51 /* XCRemoteSwiftPackageReference "SnapKit" */;
			productName = SnapKit;
		};
		9D2EB2F02A27E207000EEE51 /* KeychainAccess */ = {
			isa = XCSwiftPackageProductDependency;
			package = 9D2EB2EF2A27E207000EEE51 /* XCRemoteSwiftPackageReference "KeychainAccess" */;
			productName = KeychainAccess;
		};
/* End XCSwiftPackageProductDependency section */
	};
	rootObject = 9D4FB8D92A1D4F2F0002920B /* Project object */;
}
